NeoBundleLock ctrlp.vim bde7a2950adaa82e894d7bdf69e3e7383e40d229
NeoBundleLock gruvbox 16504d394e145e0372d2491e02769d241350399a
NeoBundleLock neobundle.vim 26d03781886ed887e390d4ad8b935987754b1c2c
NeoBundleLock neosnippet-snippets 8dbb78599984140c50418d3dd23d0de4c8f13e74
NeoBundleLock neosnippet.vim ddd01d0ee3d965d9a30051f2e12b14234c83b3ae
NeoBundleLock vim-airline 396cc9226171f8dbf1069800a0ae56700bbf3913
NeoBundleLock vim-fugitive d16cd9ced1feffb53b8457357aab17be72addeae
NeoBundleLock vim-pencil 2dcd974b7255e4af83cf79a208f04a3489065e22
NeoBundleLock vimshell 3787e52766812d8b99a93ccdda57517bc2a0bab6
